
Microsoft Visual Studio Solution File, Format Version 12.00
# Visual Studio Version 17
VisualStudioVersion = 17.11.35312.102
MinimumVisualStudioVersion = 10.0.40219.1
Project("{FAE04EC0-301F-11D3-BF4B-00C04F79EFBC}") = "Proyectox", "Proyectox\Proyectox.csproj", "{F1179B5B-2598-483B-AEAF-93F498EC9052}"
EndProject
Global
	GlobalSection(SolutionConfigurationPlatforms) = preSolution
		Debug|Any CPU = Debug|Any CPU
		Release|Any CPU = Release|Any CPU
	EndGlobalSection
	GlobalSection(ProjectConfigurationPlatforms) = postSolution
		{F1179B5B-2598-483B-AEAF-93F498EC9052}.Debug|Any CPU.ActiveCfg = Debug|Any CPU
		{F1179B5B-2598-483B-AEAF-93F498EC9052}.Debug|Any CPU.Build.0 = Debug|Any CPU
		{F1179B5B-2598-483B-AEAF-93F498EC9052}.Release|Any CPU.ActiveCfg = Release|Any CPU
		{F1179B5B-2598-483B-AEAF-93F498EC9052}.Release|Any CPU.Build.0 = Release|Any CPU
	EndGlobalSection
	GlobalSection(SolutionProperties) = preSolution
		HideSolutionNode = FALSE
	EndGlobalSection
	GlobalSection(ExtensibilityGlobals) = postSolution
		SolutionGuid = {A56EE534-45FE-4C4D-8661-8D1634019CC5}
	EndGlobalSection
EndGlobal
